
Microsoft Visual Studio Solution File, Format Version 12.00
# Visual Studio Version 16
VisualStudioVersion = 16.0.30413.136
MinimumVisualStudioVersion = 10.0.40219.1
Project("{FAE04EC0-301F-11D3-BF4B-00C04F79EFBC}") = "u19012285_HW03", "u19012285_HW03\u19012285_HW03.csproj", "{7F85C679-55F3-45C7-8F9B-A6ACE730FAD2}"
EndProject
Global
	GlobalSection(SolutionConfigurationPlatforms) = preSolution
		Debug|Any CPU = Debug|Any CPU
		Release|Any CPU = Release|Any CPU
	EndGlobalSection
	GlobalSection(ProjectConfigurationPlatforms) = postSolution
		{7F85C679-55F3-45C7-8F9B-A6ACE730FAD2}.Debug|Any CPU.ActiveCfg = Debug|Any CPU
		{7F85C679-55F3-45C7-8F9B-A6ACE730FAD2}.Debug|Any CPU.Build.0 = Debug|Any CPU
		{7F85C679-55F3-45C7-8F9B-A6ACE730FAD2}.Release|Any CPU.ActiveCfg = Release|Any CPU
		{7F85C679-55F3-45C7-8F9B-A6ACE730FAD2}.Release|Any CPU.Build.0 = Release|Any CPU
	EndGlobalSection
	GlobalSection(SolutionProperties) = preSolution
		HideSolutionNode = FALSE
	EndGlobalSection
	GlobalSection(ExtensibilityGlobals) = postSolution
		SolutionGuid = {41714573-1A61-4703-A6C7-F31CBA0EF8C0}
	EndGlobalSection
EndGlobal
